
Microsoft Visual Studio Solution File, Format Version 12.00
# Visual Studio Version 17
VisualStudioVersion = 17.10.35027.167
MinimumVisualStudioVersion = 10.0.40219.1
Project("{FAE04EC0-301F-11D3-BF4B-00C04F79EFBC}") = "EmailAPI", "EmailAPI\EmailAPI.csproj", "{9AB166C7-7E20-4216-B4EA-791018C70A52}"
EndProject
Global
	GlobalSection(SolutionConfigurationPlatforms) = preSolution
		Debug|Any CPU = Debug|Any CPU
		Release|Any CPU = Release|Any CPU
	EndGlobalSection
	GlobalSection(ProjectConfigurationPlatforms) = postSolution
		{9AB166C7-7E20-4216-B4EA-791018C70A52}.Debug|Any CPU.ActiveCfg = Debug|Any CPU
		{9AB166C7-7E20-4216-B4EA-791018C70A52}.Debug|Any CPU.Build.0 = Debug|Any CPU
		{9AB166C7-7E20-4216-B4EA-791018C70A52}.Release|Any CPU.ActiveCfg = Release|Any CPU
		{9AB166C7-7E20-4216-B4EA-791018C70A52}.Release|Any CPU.Build.0 = Release|Any CPU
	EndGlobalSection
	GlobalSection(SolutionProperties) = preSolution
		HideSolutionNode = FALSE
	EndGlobalSection
	GlobalSection(ExtensibilityGlobals) = postSolution
		SolutionGuid = {F5C1E22A-61EF-4525-B703-6AEB1B1F0C7D}
	EndGlobalSection
EndGlobal
